// !$*UTF8*$!
{
	archiveVersion = 1;
	classes = {
	};
	objectVersion = 46;
	objects = {

/* Begin PBXBuildFile section */
		DFF2778F19BB000A00912A7E /* main.swift in Sources */ = {isa = PBXBuildFile; fileRef = DFF2778E19BB000A00912A7E /* main.swift */; };
/* End PBXBuildFile section */

/* Begin PBXCopyFilesBuildPhase section */
		DFF2778919BB000A00912A7E /* CopyFiles */ = {
			isa = PBXCopyFilesBuildPhase;
			buildActionMask = 2147483647;
			dstPath = /usr/share/man/man1/;
			dstSubfolderSpec = 0;
			files = (
			);
			runOnlyForDeploymentPostprocessing = 1;
		};
/* End PBXCopyFilesBuildPhase section */

/* Begin PBXFileReference section */
		DFF2778B19BB000A00912A7E /* CarApp Thinkful */ = {isa = PBXFileReference; explicitFileType = "compiled.mach-o.executable"; includeInIndex = 0; path = "CarApp Thinkful"; sourceTree = BUILT_PRODUCTS_DIR; };
		DFF2778E19BB000A00912A7E /* main.swift */ = {isa = PBXFileReference; lastKnownFileType = sourcecode.swift; path = main.swift; sourceTree = "<group>"; };
/* End PBXFileReference section */

/* Begin PBXFrameworksBuildPhase section */
		DFF2778819BB000A00912A7E /* Frameworks */ = {
			isa = PBXFrameworksBuildPhase;
			buildActionMask = 2147483647;
			files = (
			);
			runOnlyForDeploymentPostprocessing = 0;
		};
/* End PBXFrameworksBuildPhase section */

/* Begin PBXGroup section */
		DFF2778219BB000A00912A7E = {
			isa = PBXGroup;
			children = (
				DFF2778D19BB000A00912A7E /* CarApp Thinkful */,
				DFF2778C19BB000A00912A7E /* Products */,
			);
			sourceTree = "<group>";
		};
		DFF2778C19BB000A00912A7E /* Products */ = {
			isa = PBXGroup;
			children = (
				DFF2778B19BB000A00912A7E /* CarApp Thinkful */,
			);
			name = Products;
			sourceTree = "<group>";
		};
		DFF2778D19BB000A00912A7E /* CarApp Thinkful */ = {
			isa = PBXGroup;
			children = (
				DFF2778E19BB000A00912A7E /* main.swift */,
			);
			path = "CarApp Thinkful";
			sourceTree = "<group>";
		};
/* End PBXGroup section */

/* Begin PBXNativeTarget section */
		DFF2778A19BB000A00912A7E /* CarApp Thinkful */ = {
			isa = PBXNativeTarget;
			buildConfigurationList = DFF2779219BB000A00912A7E /* Build configuration list for PBXNativeTarget "CarApp Thinkful" */;
			buildPhases = (
				DFF2778719BB000A00912A7E /* Sources */,
				DFF2778819BB000A00912A7E /* Frameworks */,
				DFF2778919BB000A00912A7E /* CopyFiles */,
			);
			buildRules = (
			);
			dependencies = (
			);
			name = "CarApp Thinkful";
			productName = "CarApp Thinkful";
			productReference = DFF2778B19BB000A00912A7E /* CarApp Thinkful */;
			productType = "com.apple.product-type.tool";
		};
/* End PBXNativeTarget section */

/* Begin PBXProject section */
		DFF2778319BB000A00912A7E /* Project object */ = {
			isa = PBXProject;
			attributes = {
				LastUpgradeCheck = 0600;
				ORGANIZATIONNAME = "Matt Porter";
				TargetAttributes = {
					DFF2778A19BB000A00912A7E = {
						CreatedOnToolsVersion = 6.0;
					};
				};
			};
			buildConfigurationList = DFF2778619BB000A00912A7E /* Build configuration list for PBXProject "CarApp Thinkful" */;
			compatibilityVersion = "Xcode 3.2";
			developmentRegion = English;
			hasScannedForEncodings = 0;
			knownRegions = (
				en,
			);
			mainGroup = DFF2778219BB000A00912A7E;
			productRefGroup = DFF2778C19BB000A00912A7E /* Products */;
			projectDirPath = "";
			projectRoot = "";
			targets = (
				DFF2778A19BB000A00912A7E /* CarApp Thinkful */,
			);
		};
/* End PBXProject section */

/* Begin PBXSourcesBuildPhase section */
		DFF2778719BB000A00912A7E /* Sources */ = {
			isa = PBXSourcesBuildPhase;
			buildActionMask = 2147483647;
			files = (
				DFF2778F19BB000A00912A7E /* main.swift in Sources */,
			);
			runOnlyForDeploymentPostprocessing = 0;
		};
/* End PBXSourcesBuildPhase section */

/* Begin XCBuildConfiguration section */
		DFF2779019BB000A00912A7E /* Debug */ = {
			isa = XCBuildConfiguration;
			buildSettings = {
				ALWAYS_SEARCH_USER_PATHS = NO;
				CLANG_CXX_LANGUAGE_STANDARD = "gnu++0x";
				CLANG_CXX_LIBRARY = "libc++";
				CLANG_ENABLE_MODULES = YES;
				CLANG_ENABLE_OBJC_ARC = YES;
				CLANG_WARN_BOOL_CONVERSION = YES;
				CLANG_WARN_CONSTANT_CONVERSION = YES;
				CLANG_WARN_DIRECT_OBJC_ISA_USAGE = YES_ERROR;
				CLANG_WARN_EMPTY_BODY = YES;
				CLANG_WARN_ENUM_CONVERSION = YES;
				CLANG_WARN_INT_CONVERSION = YES;
				CLANG_WARN_OBJC_ROOT_CLASS = YES_ERROR;
				CLANG_WARN_UNREACHABLE_CODE = YES;
				CLANG_WARN__DUPLICATE_METHOD_MATCH = YES;
				COPY_PHASE_STRIP = NO;
				ENABLE_STRICT_OBJC_MSGSEND = YES;
				GCC_C_LANGUAGE_STANDARD = gnu99;
				GCC_DYNAMIC_NO_PIC = NO;
				GCC_OPTIMIZATION_LEVEL = 0;
				GCC_PREPROCESSOR_DEFINITIONS = (
					"DEBUG=1",
					"$(inherited)",
				);
				GCC_SYMBOLS_PRIVATE_EXTERN = NO;
				GCC_WARN_64_TO_32_BIT_CONVERSION = YES;
				GCC_WARN_ABOUT_RETURN_TYPE = YES_ERROR;
				GCC_WARN_UNDECLARED_SELECTOR = YES;
				GCC_WARN_UNINITIALIZED_AUTOS = YES_AGGRESSIVE;
				GCC_WARN_UNUSED_FUNCTION = YES;
				GCC_WARN_UNUSED_VARIABLE = YES;
				MACOSX_DEPLOYMENT_TARGET = 10.9;
				MTL_ENABLE_DEBUG_INFO = YES;
				ONLY_ACTIVE_ARCH = YES;
				SDKROOT = macosx;
				SWIFT_OPTIMIZATION_LEVEL = "-Onone";
			};
			name = Debug;
		};
		DFF2779119BB000A00912A7E /* Release */ = {
			isa = XCBuildConfiguration;
			buildSettings = {
				ALWAYS_SEARCH_USER_PATHS = NO;
				CLANG_CXX_LANGUAGE_STANDARD = "gnu++0x";
				CLANG_CXX_LIBRARY = "libc++";
				CLANG_ENABLE_MODULES = YES;
				CLANG_ENABLE_OBJC_ARC = YES;
				CLANG_WARN_BOOL_CONVERSION = YES;
				CLANG_WARN_CONSTANT_CONVERSION = YES;
				CLANG_WARN_DIRECT_OBJC_ISA_USAGE = YES_ERROR;
				CLANG_WARN_EMPTY_BODY = YES;
				CLANG_WARN_ENUM_CONVERSION = YES;
				CLANG_WARN_INT_CONVERSION = YES;
				CLANG_WARN_OBJC_ROOT_CLASS = YES_ERROR;
				CLANG_WARN_UNREACHABLE_CODE = YES;
				CLANG_WARN__DUPLICATE_METHOD_MATCH = YES;
				COPY_PHASE_STRIP = YES;
				DEBUG_INFORMATION_FORMAT = "dwarf-with-dsym";
				ENABLE_NS_ASSERTIONS = NO;
				ENABLE_STRICT_OBJC_MSGSEND = YES;
				GCC_C_LANGUAGE_STANDARD = gnu99;
				GCC_WARN_64_TO_32_BIT_CONVERSION = YES;
				GCC_WARN_ABOUT_RETURN_TYPE = YES_ERROR;
				GCC_WARN_UNDECLARED_SELECTOR = YES;
				GCC_WARN_UNINITIALIZED_AUTOS = YES_AGGRESSIVE;
				GCC_WARN_UNUSED_FUNCTION = YES;
				GCC_WARN_UNUSED_VARIABLE = YES;
				MACOSX_DEPLOYMENT_TARGET = 10.9;
				MTL_ENABLE_DEBUG_INFO = NO;
				SDKROOT = macosx;
			};
			name = Release;
		};
		DFF2779319BB000A00912A7E /* Debug */ = {
			isa = XCBuildConfiguration;
			buildSettings = {
				PRODUCT_NAME = "$(TARGET_NAME)";
			};
			name = Debug;
		};
		DFF2779419BB000A00912A7E /* Release */ = {
			isa = XCBuildConfiguration;
			buildSettings = {
				PRODUCT_NAME = "$(TARGET_NAME)";
			};
			name = Release;
		};
/* End XCBuildConfiguration section */

/* Begin XCConfigurationList section */
		DFF2778619BB000A00912A7E /* Build configuration list for PBXProject "CarApp Thinkful" */ = {
			isa = XCConfigurationList;
			buildConfigurations = (
				DFF2779019BB000A00912A7E /* Debug */,
				DFF2779119BB000A00912A7E /* Release */,
			);
			defaultConfigurationIsVisible = 0;
			defaultConfigurationName = Release;
		};
		DFF2779219BB000A00912A7E /* Build configuration list for PBXNativeTarget "CarApp Thinkful" */ = {
			isa = XCConfigurationList;
			buildConfigurations = (
				DFF2779319BB000A00912A7E /* Debug */,
				DFF2779419BB000A00912A7E /* Release */,
			);
			defaultConfigurationIsVisible = 0;
		};
/* End XCConfigurationList section */
	};
	rootObject = DFF2778319BB000A00912A7E /* Project object */;
}
